
Microsoft Visual Studio Solution File, Format Version 12.00
# Visual Studio Version 17
VisualStudioVersion = 17.4.33110.190
MinimumVisualStudioVersion = 10.0.40219.1
Project("{9A19103F-16F7-4668-BE54-9A1E7A4F7556}") = "Persistence", "v-repository\Persistence.csproj", "{2AE0176E-0202-4CBE-8A77-FBEA55790044}"
EndProject
Project("{9A19103F-16F7-4668-BE54-9A1E7A4F7556}") = "Application", "v-service\Application.csproj", "{BBA1B6D1-1914-4472-9AE4-BD04D477A67F}"
EndProject
Project("{9A19103F-16F7-4668-BE54-9A1E7A4F7556}") = "WebApi", "v-controller\WebApi.csproj", "{74B86E8E-AC46-4425-9587-111EA39AD8E3}"
EndProject
Project("{FAE04EC0-301F-11D3-BF4B-00C04F79EFBC}") = "Database", "Database\Database.csproj", "{8FB7795D-85AC-4D4F-86A8-34607BD5EB67}"
EndProject
Project("{FAE04EC0-301F-11D3-BF4B-00C04F79EFBC}") = "Domain", "Domain\Domain.csproj", "{2D7EA80D-BDD2-4A4F-9A5E-1CC3E479E8A0}"
EndProject
Global
	GlobalSection(SolutionConfigurationPlatforms) = preSolution
		Debug|Any CPU = Debug|Any CPU
		Release|Any CPU = Release|Any CPU
	EndGlobalSection
	GlobalSection(ProjectConfigurationPlatforms) = postSolution
		{2AE0176E-0202-4CBE-8A77-FBEA55790044}.Debug|Any CPU.ActiveCfg = Debug|Any CPU
		{2AE0176E-0202-4CBE-8A77-FBEA55790044}.Debug|Any CPU.Build.0 = Debug|Any CPU
		{2AE0176E-0202-4CBE-8A77-FBEA55790044}.Release|Any CPU.ActiveCfg = Release|Any CPU
		{2AE0176E-0202-4CBE-8A77-FBEA55790044}.Release|Any CPU.Build.0 = Release|Any CPU
		{BBA1B6D1-1914-4472-9AE4-BD04D477A67F}.Debug|Any CPU.ActiveCfg = Debug|Any CPU
		{BBA1B6D1-1914-4472-9AE4-BD04D477A67F}.Debug|Any CPU.Build.0 = Debug|Any CPU
		{BBA1B6D1-1914-4472-9AE4-BD04D477A67F}.Release|Any CPU.ActiveCfg = Release|Any CPU
		{BBA1B6D1-1914-4472-9AE4-BD04D477A67F}.Release|Any CPU.Build.0 = Release|Any CPU
		{74B86E8E-AC46-4425-9587-111EA39AD8E3}.Debug|Any CPU.ActiveCfg = Debug|Any CPU
		{74B86E8E-AC46-4425-9587-111EA39AD8E3}.Debug|Any CPU.Build.0 = Debug|Any CPU
		{74B86E8E-AC46-4425-9587-111EA39AD8E3}.Release|Any CPU.ActiveCfg = Release|Any CPU
		{74B86E8E-AC46-4425-9587-111EA39AD8E3}.Release|Any CPU.Build.0 = Release|Any CPU
		{8FB7795D-85AC-4D4F-86A8-34607BD5EB67}.Debug|Any CPU.ActiveCfg = Debug|Any CPU
		{8FB7795D-85AC-4D4F-86A8-34607BD5EB67}.Debug|Any CPU.Build.0 = Debug|Any CPU
		{8FB7795D-85AC-4D4F-86A8-34607BD5EB67}.Release|Any CPU.ActiveCfg = Release|Any CPU
		{8FB7795D-85AC-4D4F-86A8-34607BD5EB67}.Release|Any CPU.Build.0 = Release|Any CPU
		{2D7EA80D-BDD2-4A4F-9A5E-1CC3E479E8A0}.Debug|Any CPU.ActiveCfg = Debug|Any CPU
		{2D7EA80D-BDD2-4A4F-9A5E-1CC3E479E8A0}.Debug|Any CPU.Build.0 = Debug|Any CPU
		{2D7EA80D-BDD2-4A4F-9A5E-1CC3E479E8A0}.Release|Any CPU.ActiveCfg = Release|Any CPU
		{2D7EA80D-BDD2-4A4F-9A5E-1CC3E479E8A0}.Release|Any CPU.Build.0 = Release|Any CPU
	EndGlobalSection
	GlobalSection(SolutionProperties) = preSolution
		HideSolutionNode = FALSE
	EndGlobalSection
	GlobalSection(ExtensibilityGlobals) = postSolution
		SolutionGuid = {1662D78B-FA1F-4DF2-A6DF-27B11A2E86DC}
	EndGlobalSection
EndGlobal
